{
  "name": "multione-site",
  "version": "1.0.0",
  "lockfileVersion": 3,
  "requires": true,
  "packages": {
    "": {
      "name": "multione-site",
      "version": "1.0.0",
      "license": "ISC",
      "dependencies": {
        "worker-mailer": "^1.2.1"
      }
    },
    "node_modules/worker-mailer": {
      "version": "1.2.1",
      "license": "MIT"
    }
  }
}
